
Microsoft Visual Studio Solution File, Format Version 12.00
# Visual Studio Version 16
VisualStudioVersion = 16.0.34031.81
MinimumVisualStudioVersion = 10.0.40219.1
Project("{FAE04EC0-301F-11D3-BF4B-00C04F79EFBC}") = "AddressBook", "AddressBook\AddressBook.csproj", "{30D4E083-84A3-4378-9B02-3DBFCF1B8CF1}"
EndProject
Project("{FAE04EC0-301F-11D3-BF4B-00C04F79EFBC}") = "AddressBook.Tests", "AddressBook.Tests\AddressBook.Tests.csproj", "{36D16F52-18EF-43A2-A62E-865FE8C97770}"
EndProject
Project("{FAE04EC0-301F-11D3-BF4B-00C04F79EFBC}") = "AddressBookDB", "AddressBookDB\AddressBookDB.csproj", "{B50C22D7-D085-4468-B819-C511DD6ADDE2}"
EndProject
Global
	GlobalSection(SolutionConfigurationPlatforms) = preSolution
		Debug|Any CPU = Debug|Any CPU
		Release|Any CPU = Release|Any CPU
	EndGlobalSection
	GlobalSection(ProjectConfigurationPlatforms) = postSolution
		{30D4E083-84A3-4378-9B02-3DBFCF1B8CF1}.Debug|Any CPU.ActiveCfg = Debug|Any CPU
		{30D4E083-84A3-4378-9B02-3DBFCF1B8CF1}.Debug|Any CPU.Build.0 = Debug|Any CPU
		{30D4E083-84A3-4378-9B02-3DBFCF1B8CF1}.Release|Any CPU.ActiveCfg = Release|Any CPU
		{30D4E083-84A3-4378-9B02-3DBFCF1B8CF1}.Release|Any CPU.Build.0 = Release|Any CPU
		{36D16F52-18EF-43A2-A62E-865FE8C97770}.Debug|Any CPU.ActiveCfg = Debug|Any CPU
		{36D16F52-18EF-43A2-A62E-865FE8C97770}.Debug|Any CPU.Build.0 = Debug|Any CPU
		{36D16F52-18EF-43A2-A62E-865FE8C97770}.Release|Any CPU.ActiveCfg = Release|Any CPU
		{36D16F52-18EF-43A2-A62E-865FE8C97770}.Release|Any CPU.Build.0 = Release|Any CPU
		{B50C22D7-D085-4468-B819-C511DD6ADDE2}.Debug|Any CPU.ActiveCfg = Debug|Any CPU
		{B50C22D7-D085-4468-B819-C511DD6ADDE2}.Debug|Any CPU.Build.0 = Debug|Any CPU
		{B50C22D7-D085-4468-B819-C511DD6ADDE2}.Release|Any CPU.ActiveCfg = Release|Any CPU
		{B50C22D7-D085-4468-B819-C511DD6ADDE2}.Release|Any CPU.Build.0 = Release|Any CPU
	EndGlobalSection
	GlobalSection(SolutionProperties) = preSolution
		HideSolutionNode = FALSE
	EndGlobalSection
	GlobalSection(ExtensibilityGlobals) = postSolution
		SolutionGuid = {0C7FA7A0-0D7A-4F83-895C-612AE3888227}
	EndGlobalSection
EndGlobal
